
Microsoft Visual Studio Solution File, Format Version 12.00
# Visual Studio Version 17
VisualStudioVersion = 17.6.33829.357
MinimumVisualStudioVersion = 10.0.40219.1
Project("{9A19103F-16F7-4668-BE54-9A1E7A4F7556}") = "Transportathon._0x80072F78.API", "Transportathon.0x80072F78.API\Transportathon._0x80072F78.API.csproj", "{2002887A-FBD6-4FA4-AC0A-856E245B17C9}"
EndProject
Project("{9A19103F-16F7-4668-BE54-9A1E7A4F7556}") = "Transportathon._0x80072F78.Core", "Transportathon.0x80072F78.Core\Transportathon._0x80072F78.Core.csproj", "{3D5CBBEF-3C7B-40BA-BDD1-B3DEA78CF75C}"
EndProject
Project("{FAE04EC0-301F-11D3-BF4B-00C04F79EFBC}") = "Transportathon._0x80072F78.Infrastructure", "Transportathon.0x80072F78.Infrastructure\Transportathon._0x80072F78.Infrastructure.csproj", "{9934CA79-D08B-449A-B05D-23FDDB78E9B4}"
EndProject
Project("{FAE04EC0-301F-11D3-BF4B-00C04F79EFBC}") = "Transportathon._0x80072F78.Core.Infrastructure", "Transportathon.0x80072F78.Core.Infrastructure\Transportathon._0x80072F78.Core.Infrastructure.csproj", "{B2CEB748-0A49-4C93-80BC-2A6974C6E0C6}"
EndProject
Project("{FAE04EC0-301F-11D3-BF4B-00C04F79EFBC}") = "Transportathon._0x80072F78.Services", "Transportathon.0x80072F78.Services\Transportathon._0x80072F78.Services.csproj", "{D7811C76-93A9-4D95-89CE-A9120064D65B}"
EndProject
Project("{FAE04EC0-301F-11D3-BF4B-00C04F79EFBC}") = "Transportathon._0x80072F78.Shared", "Transportathon.0x80072F78.Shared\Transportathon._0x80072F78.Shared.csproj", "{CEF56639-6CC8-4DC6-A49C-CE20E0CC5258}"
EndProject
Project("{FAE04EC0-301F-11D3-BF4B-00C04F79EFBC}") = "Transportathon._0x80072F78.Tests", "Transportathon.0x80072F78.Tests\Transportathon._0x80072F78.Tests.csproj", "{FC890E6F-2829-4388-AC7A-C5BDAA718507}"
EndProject
Global
	GlobalSection(SolutionConfigurationPlatforms) = preSolution
		Debug|Any CPU = Debug|Any CPU
		Release|Any CPU = Release|Any CPU
	EndGlobalSection
	GlobalSection(ProjectConfigurationPlatforms) = postSolution
		{2002887A-FBD6-4FA4-AC0A-856E245B17C9}.Debug|Any CPU.ActiveCfg = Debug|Any CPU
		{2002887A-FBD6-4FA4-AC0A-856E245B17C9}.Debug|Any CPU.Build.0 = Debug|Any CPU
		{2002887A-FBD6-4FA4-AC0A-856E245B17C9}.Release|Any CPU.ActiveCfg = Release|Any CPU
		{2002887A-FBD6-4FA4-AC0A-856E245B17C9}.Release|Any CPU.Build.0 = Release|Any CPU
		{3D5CBBEF-3C7B-40BA-BDD1-B3DEA78CF75C}.Debug|Any CPU.ActiveCfg = Debug|Any CPU
		{3D5CBBEF-3C7B-40BA-BDD1-B3DEA78CF75C}.Debug|Any CPU.Build.0 = Debug|Any CPU
		{3D5CBBEF-3C7B-40BA-BDD1-B3DEA78CF75C}.Release|Any CPU.ActiveCfg = Release|Any CPU
		{3D5CBBEF-3C7B-40BA-BDD1-B3DEA78CF75C}.Release|Any CPU.Build.0 = Release|Any CPU
		{9934CA79-D08B-449A-B05D-23FDDB78E9B4}.Debug|Any CPU.ActiveCfg = Debug|Any CPU
		{9934CA79-D08B-449A-B05D-23FDDB78E9B4}.Debug|Any CPU.Build.0 = Debug|Any CPU
		{9934CA79-D08B-449A-B05D-23FDDB78E9B4}.Release|Any CPU.ActiveCfg = Release|Any CPU
		{9934CA79-D08B-449A-B05D-23FDDB78E9B4}.Release|Any CPU.Build.0 = Release|Any CPU
		{B2CEB748-0A49-4C93-80BC-2A6974C6E0C6}.Debug|Any CPU.ActiveCfg = Debug|Any CPU
		{B2CEB748-0A49-4C93-80BC-2A6974C6E0C6}.Debug|Any CPU.Build.0 = Debug|Any CPU
		{B2CEB748-0A49-4C93-80BC-2A6974C6E0C6}.Release|Any CPU.ActiveCfg = Release|Any CPU
		{B2CEB748-0A49-4C93-80BC-2A6974C6E0C6}.Release|Any CPU.Build.0 = Release|Any CPU
		{D7811C76-93A9-4D95-89CE-A9120064D65B}.Debug|Any CPU.ActiveCfg = Debug|Any CPU
		{D7811C76-93A9-4D95-89CE-A9120064D65B}.Debug|Any CPU.Build.0 = Debug|Any CPU
		{D7811C76-93A9-4D95-89CE-A9120064D65B}.Release|Any CPU.ActiveCfg = Release|Any CPU
		{D7811C76-93A9-4D95-89CE-A9120064D65B}.Release|Any CPU.Build.0 = Release|Any CPU
		{CEF56639-6CC8-4DC6-A49C-CE20E0CC5258}.Debug|Any CPU.ActiveCfg = Debug|Any CPU
		{CEF56639-6CC8-4DC6-A49C-CE20E0CC5258}.Debug|Any CPU.Build.0 = Debug|Any CPU
		{CEF56639-6CC8-4DC6-A49C-CE20E0CC5258}.Release|Any CPU.ActiveCfg = Release|Any CPU
		{CEF56639-6CC8-4DC6-A49C-CE20E0CC5258}.Release|Any CPU.Build.0 = Release|Any CPU
		{FC890E6F-2829-4388-AC7A-C5BDAA718507}.Debug|Any CPU.ActiveCfg = Debug|Any CPU
		{FC890E6F-2829-4388-AC7A-C5BDAA718507}.Debug|Any CPU.Build.0 = Debug|Any CPU
		{FC890E6F-2829-4388-AC7A-C5BDAA718507}.Release|Any CPU.ActiveCfg = Release|Any CPU
		{FC890E6F-2829-4388-AC7A-C5BDAA718507}.Release|Any CPU.Build.0 = Release|Any CPU
	EndGlobalSection
	GlobalSection(SolutionProperties) = preSolution
		HideSolutionNode = FALSE
	EndGlobalSection
	GlobalSection(ExtensibilityGlobals) = postSolution
		SolutionGuid = {EC0CA0BE-7E5A-4281-AE7C-02AA4FA68D5D}
	EndGlobalSection
EndGlobal
